{
  "name": "grabclipchromeext",
  "version": "1.0.0",
  "lockfileVersion": 3,
  "requires": true,
  "packages": {
    "": {
      "name": "grabclipchromeext",
      "version": "1.0.0",
      "license": "ISC",
      "dependencies": {
        "chrome-types": "^0.1.395"
      }
    },
    "node_modules/chrome-types": {
      "version": "0.1.395",
      "resolved": "https://registry.npmjs.org/chrome-types/-/chrome-types-0.1.395.tgz",
      "integrity": "sha512-qPDdDZqwFh8nyKmcJftanqmjO9y5EQKIEOkJVt1dGi/u9Bixi8uh+6K5ysyxNaHH/5r2xYomddHxlbvwQ5u7qQ==",
      "license": "Apache-2.0"
    }
  }
}
